{
  "requires": true,
  "lockfileVersion": 1,
  "dependencies": {
    "jquery-datepicker": {
      "version": "1.12.3",
      "resolved": "https://registry.npmjs.org/jquery-datepicker/-/jquery-datepicker-1.12.3.tgz",
      "integrity": "sha512-dj140t4syBKTLOvqnDJ/x03u9HcoatvX99t5IY/0IfEtxDtJAxB2VBCAZehbtHJg9Sb7YdC6/2BnGFk1pr/SgA=="
    }
  }
}
